{
    "version": 3,
    "terraform_version": "0.11.2",
    "serial": 7,
    "lineage": "20e2e57d-22c3-4cb5-8588-68291c5307e0",
    "modules": [
        {
            "path": [
                "root"
            ],
            "outputs": {},
            "resources": {
                "aws_default_security_group.default": {
                    "type": "aws_default_security_group",
                    "depends_on": [
                        "aws_vpc.main"
                    ],
                    "primary": {
                        "id": "sg-6246ac18",
                        "attributes": {
                            "egress.#": "1",
                            "egress.482069346.cidr_blocks.#": "1",
                            "egress.482069346.cidr_blocks.0": "0.0.0.0/0",
                            "egress.482069346.description": "",
                            "egress.482069346.from_port": "0",
                            "egress.482069346.ipv6_cidr_blocks.#": "0",
                            "egress.482069346.prefix_list_ids.#": "0",
                            "egress.482069346.protocol": "-1",
                            "egress.482069346.security_groups.#": "0",
                            "egress.482069346.self": "false",
                            "egress.482069346.to_port": "0",
                            "id": "sg-6246ac18",
                            "ingress.#": "0",
                            "name": "default",
                            "owner_id": "024444204267",
                            "revoke_rules_on_delete": "false",
                            "tags.%": "1",
                            "tags.Owner": "Infrastructure",
                            "vpc_id": "vpc-f4c00492"
                        },
                        "meta": {
                            "schema_version": "1"
                        },
                        "tainted": false
                    },
                    "deposed": [],
                    "provider": "provider.aws"
                },
                "aws_ebs_volume.build-cache": {
                    "type": "aws_ebs_volume",
                    "depends_on": [
                        "aws_subnet.main"
                    ],
                    "primary": {
                        "id": "vol-05e66858814a3ecd8",
                        "attributes": {
                            "arn": "arn:aws:ec2:eu-west-1:024444204267:volume/vol-05e66858814a3ecd8",
                            "availability_zone": "eu-west-1a",
                            "encrypted": "false",
                            "id": "vol-05e66858814a3ecd8",
                            "size": "500",
                            "snapshot_id": "",
                            "tags.%": "2",
                            "tags.Name": "Batman Build Cache",
                            "tags.Owner": "Infrastructure",
                            "type": "standard"
                        },
                        "meta": {},
                        "tainted": false
                    },
                    "deposed": [],
                    "provider": "provider.aws"
                },
                "aws_instance.build": {
                    "type": "aws_instance",
                    "depends_on": [
                        "aws_default_security_group.default",
                        "aws_security_group.ssh",
                        "aws_subnet.main"
                    ],
                    "primary": {
                        "id": "i-0cb20e1b910cd5fc2",
                        "attributes": {
                            "ami": "ami-4d46d534",
                            "associate_public_ip_address": "true",
                            "availability_zone": "eu-west-1a",
                            "disable_api_termination": "false",
                            "ebs_block_device.#": "1",
                            "ebs_block_device.2285623703.delete_on_termination": "false",
                            "ebs_block_device.2285623703.device_name": "/dev/sdx",
                            "ebs_block_device.2285623703.encrypted": "false",
                            "ebs_block_device.2285623703.iops": "0",
                            "ebs_block_device.2285623703.snapshot_id": "",
                            "ebs_block_device.2285623703.volume_id": "vol-05e66858814a3ecd8",
                            "ebs_block_device.2285623703.volume_size": "500",
                            "ebs_block_device.2285623703.volume_type": "standard",
                            "ebs_optimized": "false",
                            "ephemeral_block_device.#": "0",
                            "iam_instance_profile": "",
                            "id": "i-0cb20e1b910cd5fc2",
                            "instance_state": "running",
                            "instance_type": "t2.medium",
                            "ipv6_addresses.#": "0",
                            "key_name": "batman-key",
                            "monitoring": "false",
                            "network_interface.#": "0",
                            "network_interface_id": "eni-1d4f0c2d",
                            "placement_group": "",
                            "primary_network_interface_id": "eni-1d4f0c2d",
                            "private_dns": "ip-10-0-1-94.eu-west-1.compute.internal",
                            "private_ip": "10.0.1.94",
                            "public_dns": "ec2-34-244-23-93.eu-west-1.compute.amazonaws.com",
                            "public_ip": "34.244.23.93",
                            "root_block_device.#": "1",
                            "root_block_device.0.delete_on_termination": "true",
                            "root_block_device.0.iops": "100",
                            "root_block_device.0.volume_id": "vol-04504f84f26692438",
                            "root_block_device.0.volume_size": "8",
                            "root_block_device.0.volume_type": "gp2",
                            "security_groups.#": "0",
                            "source_dest_check": "true",
                            "subnet_id": "subnet-4ad83302",
                            "tags.%": "2",
                            "tags.Name": "Batman Build",
                            "tags.Owner": "Infrastructure",
                            "tenancy": "default",
                            "volume_tags.%": "2",
                            "volume_tags.Name": "Batman Build Cache",
                            "volume_tags.Owner": "Infrastructure",
                            "vpc_security_group_ids.#": "2",
                            "vpc_security_group_ids.1923705433": "sg-c35fb5b9",
                            "vpc_security_group_ids.2789360588": "sg-6246ac18"
                        },
                        "meta": {
                            "e2bfb730-ecaa-11e6-8f88-34363bc7c4c0": {
                                "create": 600000000000,
                                "delete": 600000000000,
                                "update": 600000000000
                            },
                            "schema_version": "1"
                        },
                        "tainted": false
                    },
                    "deposed": [],
                    "provider": "provider.aws"
                },
                "aws_internet_gateway.gateway": {
                    "type": "aws_internet_gateway",
                    "depends_on": [
                        "aws_vpc.main"
                    ],
                    "primary": {
                        "id": "igw-5fd46138",
                        "attributes": {
                            "id": "igw-5fd46138",
                            "tags.%": "2",
                            "tags.Name": "Batman",
                            "tags.Owner": "Infrastructure",
                            "vpc_id": "vpc-f4c00492"
                        },
                        "meta": {},
                        "tainted": false
                    },
                    "deposed": [],
                    "provider": "provider.aws"
                },
                "aws_key_pair.batman": {
                    "type": "aws_key_pair",
                    "depends_on": [],
                    "primary": {
                        "id": "batman-key",
                        "attributes": {
                            "fingerprint": "f0:b5:23:47:9d:26:70:e0:5b:4f:e8:d9:25:00:8a:d2",
                            "id": "batman-key",
                            "key_name": "batman-key",
                            "public_key": "ssh-rsa AAAAB3NzaC1yc2EAAAADAQABAAABAQDTu4oihJTk1k3GBJVbkff3TZA32XL4P+NrKwdqRuiVGbFXjXmGLeDHWZqmwXG0NpqnYDGUiuhWG4lq3f9r8Mh0I3LLA9PZWw6+jR+gb0bGtzGrV4RqOROvUcCB6EP8AR0czLLTyXjf2R6WRz5yVT+9+L+jdjRWVlspYnPWOYH1GFSblSj3KVxUs29RRQlH6Phh80I6mB0zJ/+K6N7Z01r/KrjsokldqIQk3sentxALtLhR99ZGlT2S31valn1z6mAyUFcsXZmub4WF+gVx+aq/dDF9TWhO0zvHDVmhM18OqMzhnEgJy44jw7AKX14SWp2dsqctraKn2q2yviiROHLf samirtalwar@Denton.local"
                        },
                        "meta": {
                            "schema_version": "1"
                        },
                        "tainted": false
                    },
                    "deposed": [],
                    "provider": "provider.aws"
                },
                "aws_route.gateway-route": {
                    "type": "aws_route",
                    "depends_on": [
                        "aws_internet_gateway.gateway",
                        "aws_vpc.main"
                    ],
                    "primary": {
                        "id": "r-rtb-0cfbf46a1080289494",
                        "attributes": {
                            "destination_cidr_block": "0.0.0.0/0",
                            "destination_prefix_list_id": "",
                            "egress_only_gateway_id": "",
                            "gateway_id": "igw-5fd46138",
                            "id": "r-rtb-0cfbf46a1080289494",
                            "instance_id": "",
                            "instance_owner_id": "",
                            "nat_gateway_id": "",
                            "network_interface_id": "",
                            "origin": "CreateRoute",
                            "route_table_id": "rtb-0cfbf46a",
                            "state": "active",
                            "vpc_peering_connection_id": ""
                        },
                        "meta": {},
                        "tainted": false
                    },
                    "deposed": [],
                    "provider": "provider.aws"
                },
                "aws_security_group.ssh": {
                    "type": "aws_security_group",
                    "depends_on": [
                        "aws_vpc.main"
                    ],
                    "primary": {
                        "id": "sg-c35fb5b9",
                        "attributes": {
                            "description": "Allow SSH and Mosh access",
                            "egress.#": "0",
                            "id": "sg-c35fb5b9",
                            "ingress.#": "2",
                            "ingress.2368928682.cidr_blocks.#": "1",
                            "ingress.2368928682.cidr_blocks.0": "0.0.0.0/0",
                            "ingress.2368928682.description": "",
                            "ingress.2368928682.from_port": "60000",
                            "ingress.2368928682.ipv6_cidr_blocks.#": "0",
                            "ingress.2368928682.protocol": "udp",
                            "ingress.2368928682.security_groups.#": "0",
                            "ingress.2368928682.self": "false",
                            "ingress.2368928682.to_port": "61000",
                            "ingress.2541437006.cidr_blocks.#": "1",
                            "ingress.2541437006.cidr_blocks.0": "0.0.0.0/0",
                            "ingress.2541437006.description": "",
                            "ingress.2541437006.from_port": "22",
                            "ingress.2541437006.ipv6_cidr_blocks.#": "0",
                            "ingress.2541437006.protocol": "tcp",
                            "ingress.2541437006.security_groups.#": "0",
                            "ingress.2541437006.self": "false",
                            "ingress.2541437006.to_port": "22",
                            "name": "ssh",
                            "owner_id": "024444204267",
                            "revoke_rules_on_delete": "false",
                            "tags.%": "1",
                            "tags.Name": "Batman SSH",
                            "vpc_id": "vpc-f4c00492"
                        },
                        "meta": {
                            "schema_version": "1"
                        },
                        "tainted": false
                    },
                    "deposed": [],
                    "provider": "provider.aws"
                },
                "aws_spot_instance_request.experiments": {
                    "type": "aws_spot_instance_request",
                    "depends_on": [
                        "aws_default_security_group.default",
                        "aws_security_group.ssh",
                        "aws_subnet.main"
                    ],
                    "primary": {
                        "id": "sir-7dv8581q",
                        "attributes": {
                            "ami": "ami-4d46d534",
                            "associate_public_ip_address": "true",
                            "block_duration_minutes": "0",
                            "ebs_block_device.#": "0",
                            "ephemeral_block_device.#": "0",
                            "id": "sir-7dv8581q",
                            "instance_interruption_behaviour": "terminate",
                            "instance_type": "g2.2xlarge",
                            "ipv6_address_count": "0",
                            "ipv6_addresses.#": "0",
                            "key_name": "batman-key",
                            "launch_group": "",
                            "network_interface.#": "0",
                            "network_interface_id": "eni-d55211e5",
                            "private_dns": "ip-10-0-1-53.eu-west-1.compute.internal",
                            "private_ip": "10.0.1.53",
                            "public_dns": "ec2-54-154-44-107.eu-west-1.compute.amazonaws.com",
                            "public_ip": "54.154.44.107",
                            "root_block_device.#": "1",
                            "root_block_device.0.delete_on_termination": "true",
                            "root_block_device.0.iops": "100",
                            "root_block_device.0.volume_id": "vol-0337c97f6084f7dd3",
                            "root_block_device.0.volume_size": "8",
                            "root_block_device.0.volume_type": "gp2",
                            "security_groups.#": "0",
                            "source_dest_check": "true",
                            "spot_bid_status": "fulfilled",
                            "spot_instance_id": "i-00d1553d412cdf59f",
                            "spot_price": "1",
                            "spot_request_state": "active",
                            "spot_type": "persistent",
                            "subnet_id": "subnet-4ad83302",
                            "tags.%": "2",
                            "tags.Name": "Batman Experiments Request",
                            "tags.Owner": "Infrastructure",
                            "vpc_security_group_ids.#": "2",
                            "vpc_security_group_ids.1923705433": "sg-c35fb5b9",
                            "vpc_security_group_ids.2789360588": "sg-6246ac18",
                            "wait_for_fulfillment": "true"
                        },
                        "meta": {
                            "e2bfb730-ecaa-11e6-8f88-34363bc7c4c0": {
                                "create": 600000000000,
                                "delete": 600000000000
                            }
                        },
                        "tainted": false
                    },
                    "deposed": [],
                    "provider": "provider.aws"
                },
                "aws_subnet.main": {
                    "type": "aws_subnet",
                    "depends_on": [
                        "aws_vpc.main"
                    ],
                    "primary": {
                        "id": "subnet-4ad83302",
                        "attributes": {
                            "assign_ipv6_address_on_creation": "false",
                            "availability_zone": "eu-west-1a",
                            "cidr_block": "10.0.1.0/24",
                            "id": "subnet-4ad83302",
                            "map_public_ip_on_launch": "false",
                            "tags.%": "2",
                            "tags.Name": "Batman",
                            "tags.Owner": "Infrastructure",
                            "vpc_id": "vpc-f4c00492"
                        },
                        "meta": {
                            "schema_version": "1"
                        },
                        "tainted": false
                    },
                    "deposed": [],
                    "provider": "provider.aws"
                },
                "aws_volume_attachment.build-cache-attachment": {
                    "type": "aws_volume_attachment",
                    "depends_on": [
                        "aws_ebs_volume.build-cache",
                        "aws_instance.build"
                    ],
                    "primary": {
                        "id": "vai-1336619316",
                        "attributes": {
                            "device_name": "/dev/sdx",
                            "id": "vai-1336619316",
                            "instance_id": "i-0cb20e1b910cd5fc2",
                            "volume_id": "vol-05e66858814a3ecd8"
                        },
                        "meta": {},
                        "tainted": false
                    },
                    "deposed": [],
                    "provider": "provider.aws"
                },
                "aws_vpc.main": {
                    "type": "aws_vpc",
                    "depends_on": [],
                    "primary": {
                        "id": "vpc-f4c00492",
                        "attributes": {
                            "assign_generated_ipv6_cidr_block": "false",
                            "cidr_block": "10.0.0.0/16",
                            "default_network_acl_id": "acl-39d4bd5f",
                            "default_route_table_id": "rtb-0cfbf46a",
                            "default_security_group_id": "sg-6246ac18",
                            "dhcp_options_id": "dopt-a913b9cd",
                            "enable_classiclink": "false",
                            "enable_classiclink_dns_support": "false",
                            "enable_dns_hostnames": "true",
                            "enable_dns_support": "true",
                            "id": "vpc-f4c00492",
                            "instance_tenancy": "default",
                            "main_route_table_id": "rtb-0cfbf46a",
                            "tags.%": "2",
                            "tags.Name": "Batman",
                            "tags.Owner": "Infrastructure"
                        },
                        "meta": {
                            "schema_version": "1"
                        },
                        "tainted": false
                    },
                    "deposed": [],
                    "provider": "provider.aws"
                }
            },
            "depends_on": []
        }
    ]
}
